// !$*UTF8*$!
{
	archiveVersion = 1;
	classes = {
	};
	objectVersion = 46;
	objects = {

/* Begin PBXBuildFile section */
		1E01F5D81BAE1DAD002EA5E0 /* HashStream.swift in Sources */ = {isa = PBXBuildFile; fileRef = 1E01F5D71BAE1DAD002EA5E0 /* HashStream.swift */; };
		1E0280C31B65AFA200B2C650 /* PullStream.swift in Sources */ = {isa = PBXBuildFile; fileRef = 1E0280C21B65AFA200B2C650 /* PullStream.swift */; };
		1E0280EA1B69DB4D00B2C650 /* Runtime.swift in Sources */ = {isa = PBXBuildFile; fileRef = 1E0280E91B69DB4D00B2C650 /* Runtime.swift */; };
		1E0280FC1B6C5ACD00B2C650 /* FileMetadata.swift in Sources */ = {isa = PBXBuildFile; fileRef = 1E0280FB1B6C5ACD00B2C650 /* FileMetadata.swift */; };
		1E02811B1B6C69AD00B2C650 /* Caramel.framework in Frameworks */ = {isa = PBXBuildFile; fileRef = 1EFC5A471B2BA86F00CC11E4 /* Caramel.framework */; };
		1E0281221B6C69E100B2C650 /* Quick.framework in Frameworks */ = {isa = PBXBuildFile; fileRef = 1E0281211B6C69E100B2C650 /* Quick.framework */; };
		1E0281241B6C69E700B2C650 /* Nimble.framework in Frameworks */ = {isa = PBXBuildFile; fileRef = 1E0281231B6C69E700B2C650 /* Nimble.framework */; };
		1E0281271B6C6C0D00B2C650 /* RuntimeTests.swift in Sources */ = {isa = PBXBuildFile; fileRef = 1E0281261B6C6C0D00B2C650 /* RuntimeTests.swift */; };
		1E0281291B6C6D2800B2C650 /* FileTests.swift in Sources */ = {isa = PBXBuildFile; fileRef = 1E0281281B6C6D2800B2C650 /* FileTests.swift */; };
		1E0281331B6CB53F00B2C650 /* SupportGenerators.swift in Sources */ = {isa = PBXBuildFile; fileRef = 1E0281321B6CB53F00B2C650 /* SupportGenerators.swift */; };
		1E0281351B6D472200B2C650 /* FileWriter.swift in Sources */ = {isa = PBXBuildFile; fileRef = 1E0281341B6D472200B2C650 /* FileWriter.swift */; };
		1E22F8661BAE4DF600B4A047 /* Hasher.swift in Sources */ = {isa = PBXBuildFile; fileRef = 1E22F8651BAE4DF600B4A047 /* Hasher.swift */; };
		1E22F8681BAE4E5E00B4A047 /* MD5Hasher.swift in Sources */ = {isa = PBXBuildFile; fileRef = 1E22F8671BAE4E5E00B4A047 /* MD5Hasher.swift */; };
		1E22F86A1BAE4EC600B4A047 /* MD2Hasher.swift in Sources */ = {isa = PBXBuildFile; fileRef = 1E22F8691BAE4EC600B4A047 /* MD2Hasher.swift */; };
		1E22F86C1BAE4ED900B4A047 /* MD4Hasher.swift in Sources */ = {isa = PBXBuildFile; fileRef = 1E22F86B1BAE4ED900B4A047 /* MD4Hasher.swift */; };
		1E22F86E1BAE50FD00B4A047 /* SHA1Hasher.swift in Sources */ = {isa = PBXBuildFile; fileRef = 1E22F86D1BAE50FD00B4A047 /* SHA1Hasher.swift */; };
		1E22F8721BAE515300B4A047 /* SHA256Hasher.swift in Sources */ = {isa = PBXBuildFile; fileRef = 1E22F8711BAE515300B4A047 /* SHA256Hasher.swift */; };
		1E22F8741BAE517A00B4A047 /* SHA224Hasher.swift in Sources */ = {isa = PBXBuildFile; fileRef = 1E22F8731BAE517A00B4A047 /* SHA224Hasher.swift */; };
		1E22F8761BAF055F00B4A047 /* SHA512Hasher.swift in Sources */ = {isa = PBXBuildFile; fileRef = 1E22F8751BAF055F00B4A047 /* SHA512Hasher.swift */; };
		1E22F8781BAF1F7900B4A047 /* HMACStream.swift in Sources */ = {isa = PBXBuildFile; fileRef = 1E22F8771BAF1F7900B4A047 /* HMACStream.swift */; };
		1E22F87A1BAF267500B4A047 /* Base64.swift in Sources */ = {isa = PBXBuildFile; fileRef = 1E22F8791BAF267500B4A047 /* Base64.swift */; };
		1E3F92001B649FED00235033 /* FileReader.swift in Sources */ = {isa = PBXBuildFile; fileRef = 1E3F91FF1B649FED00235033 /* FileReader.swift */; };
		1E3F92031B65469D00235033 /* Data.swift in Sources */ = {isa = PBXBuildFile; fileRef = 1E3F92021B65469D00235033 /* Data.swift */; };
		1E55784F1BCA3DED00E10926 /* StringToData.swift in Sources */ = {isa = PBXBuildFile; fileRef = 1E55784E1BCA3DED00E10926 /* StringToData.swift */; settings = {ASSET_TAGS = (); }; };
		1E55788D1BCEAA2400E10926 /* FileWritePushStream.swift in Sources */ = {isa = PBXBuildFile; fileRef = 1E5578641BCCC62400E10926 /* FileWritePushStream.swift */; settings = {ASSET_TAGS = (); }; };
		1E68D8721BC39A8B00C45466 /* Result.swift in Sources */ = {isa = PBXBuildFile; fileRef = A755D4A41BB5BD8200CE3B08 /* Result.swift */; };
		1E68D8731BC39AE700C45466 /* EventLoop.swift in Sources */ = {isa = PBXBuildFile; fileRef = 1EB26C561BC10F91004136E9 /* EventLoop.swift */; };
		1E68D8741BC39B7E00C45466 /* FileReadPushStream.swift in Sources */ = {isa = PBXBuildFile; fileRef = 1EB26C4A1BC10F85004136E9 /* FileReadPushStream.swift */; };
		1E785BB51B2BEB6800BBC93F /* GCDAsyncSocket.h in Headers */ = {isa = PBXBuildFile; fileRef = 1E785BB41B2BEB6800BBC93F /* GCDAsyncSocket.h */; };
		1E785BB71B2BEB7100BBC93F /* GCDAsyncSocket.m in Sources */ = {isa = PBXBuildFile; fileRef = 1E785BB61B2BEB7100BBC93F /* GCDAsyncSocket.m */; };
		1E7E588D1B61957400F2F60C /* File.swift in Sources */ = {isa = PBXBuildFile; fileRef = 1E7E588C1B61957400F2F60C /* File.swift */; };
		1E8EAD271B2E15EB00365A68 /* Streaming.swift in Sources */ = {isa = PBXBuildFile; fileRef = 1E8EAD261B2E15EB00365A68 /* Streaming.swift */; };
		1E8EAD291B2E724F00365A68 /* PushStream.swift in Sources */ = {isa = PBXBuildFile; fileRef = 1E8EAD281B2E724F00365A68 /* PushStream.swift */; };
		1E9AC4941BD3133700D2B064 /* TCPServer.swift in Sources */ = {isa = PBXBuildFile; fileRef = 1E9AC4931BD3133700D2B064 /* TCPServer.swift */; settings = {ASSET_TAGS = (); }; };
		1E9AC49A1BD4966600D2B064 /* TCPConnection.swift in Sources */ = {isa = PBXBuildFile; fileRef = 1E9AC4991BD4966600D2B064 /* TCPConnection.swift */; settings = {ASSET_TAGS = (); }; };
		1E9AC49C1BD4966D00D2B064 /* UVSupport.swift in Sources */ = {isa = PBXBuildFile; fileRef = 1E9AC49B1BD4966D00D2B064 /* UVSupport.swift */; settings = {ASSET_TAGS = (); }; };
		1EB26C591BC1BBDB004136E9 /* StreamTransforming.swift in Sources */ = {isa = PBXBuildFile; fileRef = 1EB26C581BC1BBDB004136E9 /* StreamTransforming.swift */; };
		1EFC5A5C1B2BA87000CC11E4 /* Caramel.framework in Frameworks */ = {isa = PBXBuildFile; fileRef = 1EFC5A471B2BA86F00CC11E4 /* Caramel.framework */; };
		1EFC5A5E1B2BA87000CC11E4 /* Caramel.framework in Embed Frameworks */ = {isa = PBXBuildFile; fileRef = 1EFC5A471B2BA86F00CC11E4 /* Caramel.framework */; settings = {ATTRIBUTES = (CodeSignOnCopy, RemoveHeadersOnCopy, ); }; };
		1EFC5A681B2BA88B00CC11E4 /* main.swift in Sources */ = {isa = PBXBuildFile; fileRef = 1E1607D01B2B5A2100A602E5 /* main.swift */; };
		1EFC5A781B2BD47F00CC11E4 /* SocketUtils.c in Sources */ = {isa = PBXBuildFile; fileRef = 1EFC5A761B2BD47F00CC11E4 /* SocketUtils.c */; };
		1EFC5A791B2BD47F00CC11E4 /* SocketUtils.h in Headers */ = {isa = PBXBuildFile; fileRef = 1EFC5A771B2BD47F00CC11E4 /* SocketUtils.h */; };
		A74413031BBF464200908A62 /* libuv.a in Frameworks */ = {isa = PBXBuildFile; fileRef = A74413021BBF464200908A62 /* libuv.a */; };
		A744131B1BBF477500908A62 /* android-ifaddrs.h in Headers */ = {isa = PBXBuildFile; fileRef = A744130C1BBF477500908A62 /* android-ifaddrs.h */; };
		A744131C1BBF477500908A62 /* pthread-fixes.h in Headers */ = {isa = PBXBuildFile; fileRef = A744130D1BBF477500908A62 /* pthread-fixes.h */; };
		A744131D1BBF477500908A62 /* stdint-msvc2008.h in Headers */ = {isa = PBXBuildFile; fileRef = A744130E1BBF477500908A62 /* stdint-msvc2008.h */; };
		A744131E1BBF477500908A62 /* tree.h in Headers */ = {isa = PBXBuildFile; fileRef = A744130F1BBF477500908A62 /* tree.h */; };
		A744131F1BBF477500908A62 /* uv-aix.h in Headers */ = {isa = PBXBuildFile; fileRef = A74413101BBF477500908A62 /* uv-aix.h */; };
		A74413201BBF477500908A62 /* uv-bsd.h in Headers */ = {isa = PBXBuildFile; fileRef = A74413111BBF477500908A62 /* uv-bsd.h */; };
		A74413211BBF477500908A62 /* uv-darwin.h in Headers */ = {isa = PBXBuildFile; fileRef = A74413121BBF477500908A62 /* uv-darwin.h */; };
		A74413221BBF477500908A62 /* uv-errno.h in Headers */ = {isa = PBXBuildFile; fileRef = A74413131BBF477500908A62 /* uv-errno.h */; };
		A74413231BBF477500908A62 /* uv-linux.h in Headers */ = {isa = PBXBuildFile; fileRef = A74413141BBF477500908A62 /* uv-linux.h */; };
		A74413241BBF477500908A62 /* uv-sunos.h in Headers */ = {isa = PBXBuildFile; fileRef = A74413151BBF477500908A62 /* uv-sunos.h */; };
		A74413251BBF477500908A62 /* uv-threadpool.h in Headers */ = {isa = PBXBuildFile; fileRef = A74413161BBF477500908A62 /* uv-threadpool.h */; };
		A74413261BBF477500908A62 /* uv-unix.h in Headers */ = {isa = PBXBuildFile; fileRef = A74413171BBF477500908A62 /* uv-unix.h */; };
		A74413271BBF477500908A62 /* uv-version.h in Headers */ = {isa = PBXBuildFile; fileRef = A74413181BBF477500908A62 /* uv-version.h */; };
		A74413281BBF477500908A62 /* uv-win.h in Headers */ = {isa = PBXBuildFile; fileRef = A74413191BBF477500908A62 /* uv-win.h */; };
		A74413291BBF477500908A62 /* uv.h in Headers */ = {isa = PBXBuildFile; fileRef = A744131A1BBF477500908A62 /* uv.h */; };
		A78FE77D1BCC42C4004A3270 /* StringSupport.swift in Sources */ = {isa = PBXBuildFile; fileRef = A78FE77C1BCC42C4004A3270 /* StringSupport.swift */; settings = {ASSET_TAGS = (); }; };
/* End PBXBuildFile section */

/* Begin PBXContainerItemProxy section */
		1E02811C1B6C69AD00B2C650 /* PBXContainerItemProxy */ = {
			isa = PBXContainerItemProxy;
			containerPortal = 1E1607BC1B2B4CDD00A602E5 /* Project object */;
			proxyType = 1;
			remoteGlobalIDString = 1EFC5A461B2BA86F00CC11E4;
			remoteInfo = Caramel;
		};
		1E731E971BC37AF5002D5D63 /* PBXContainerItemProxy */ = {
			isa = PBXContainerItemProxy;
			containerPortal = 1E1607BC1B2B4CDD00A602E5 /* Project object */;
			proxyType = 1;
			remoteGlobalIDString = 1EFC5A301B2BA82300CC11E4;
			remoteInfo = TestServer;
		};
		1EFC5A5A1B2BA87000CC11E4 /* PBXContainerItemProxy */ = {
			isa = PBXContainerItemProxy;
			containerPortal = 1E1607BC1B2B4CDD00A602E5 /* Project object */;
			proxyType = 1;
			remoteGlobalIDString = 1EFC5A461B2BA86F00CC11E4;
			remoteInfo = Caramel;
		};
		A74413061BBF465500908A62 /* PBXContainerItemProxy */ = {
			isa = PBXContainerItemProxy;
			containerPortal = A74412F21BBF448C00908A62 /* uv.xcodeproj */;
			proxyType = 1;
			remoteGlobalIDString = A74412EB1BBF446A00908A62;
			remoteInfo = uv;
		};
		A7B52D271BBF148C009BA12F /* PBXContainerItemProxy */ = {
			isa = PBXContainerItemProxy;
			containerPortal = A7B52D1E1BBF148C009BA12F /* Quick.xcodeproj */;
			proxyType = 2;
			remoteGlobalIDString = DAEB6B8E1943873100289F44;
			remoteInfo = "Quick-OSX";
		};
		A7B52D291BBF148C009BA12F /* PBXContainerItemProxy */ = {
			isa = PBXContainerItemProxy;
			containerPortal = A7B52D1E1BBF148C009BA12F /* Quick.xcodeproj */;
			proxyType = 2;
			remoteGlobalIDString = DAEB6B991943873100289F44;
			remoteInfo = "Quick-OSXTests";
		};
		A7B52D2B1BBF148C009BA12F /* PBXContainerItemProxy */ = {
			isa = PBXContainerItemProxy;
			containerPortal = A7B52D1E1BBF148C009BA12F /* Quick.xcodeproj */;
			proxyType = 2;
			remoteGlobalIDString = DA5663E81A4C8D8500193C88;
			remoteInfo = "QuickFocused-OSXTests";
		};
		A7B52D2D1BBF148C009BA12F /* PBXContainerItemProxy */ = {
			isa = PBXContainerItemProxy;
			containerPortal = A7B52D1E1BBF148C009BA12F /* Quick.xcodeproj */;
			proxyType = 2;
			remoteGlobalIDString = 5A5D117C19473F2100F6D13D;
			remoteInfo = "Quick-iOS";
		};
		A7B52D2F1BBF148C009BA12F /* PBXContainerItemProxy */ = {
			isa = PBXContainerItemProxy;
			containerPortal = A7B52D1E1BBF148C009BA12F /* Quick.xcodeproj */;
			proxyType = 2;
			remoteGlobalIDString = 5A5D118619473F2100F6D13D;
			remoteInfo = "Quick-iOSTests";
		};
		A7B52D311BBF148C009BA12F /* PBXContainerItemProxy */ = {
			isa = PBXContainerItemProxy;
			containerPortal = A7B52D1E1BBF148C009BA12F /* Quick.xcodeproj */;
			proxyType = 2;
			remoteGlobalIDString = DA9876B21A4C70EB0004AA17;
			remoteInfo = "QuickFocused-iOSTests";
		};
		A7B52D331BBF149C009BA12F /* PBXContainerItemProxy */ = {
			isa = PBXContainerItemProxy;
			containerPortal = A7B52D1E1BBF148C009BA12F /* Quick.xcodeproj */;
			proxyType = 1;
			remoteGlobalIDString = DAEB6B8D1943873100289F44;
			remoteInfo = "Quick-OSX";
		};
		A7B52D3C1BBF14AA009BA12F /* PBXContainerItemProxy */ = {
			isa = PBXContainerItemProxy;
			containerPortal = A7B52D351BBF14AA009BA12F /* Nimble.xcodeproj */;
			proxyType = 2;
			remoteGlobalIDString = 1F1A74291940169200FFFC47;
			remoteInfo = "Nimble-iOS";
		};
		A7B52D3E1BBF14AA009BA12F /* PBXContainerItemProxy */ = {
			isa = PBXContainerItemProxy;
			containerPortal = A7B52D351BBF14AA009BA12F /* Nimble.xcodeproj */;
			proxyType = 2;
			remoteGlobalIDString = 1F1A74341940169200FFFC47;
			remoteInfo = "Nimble-iOSTests";
		};
		A7B52D401BBF14AA009BA12F /* PBXContainerItemProxy */ = {
			isa = PBXContainerItemProxy;
			containerPortal = A7B52D351BBF14AA009BA12F /* Nimble.xcodeproj */;
			proxyType = 2;
			remoteGlobalIDString = 1F925EAD195C0D6300ED456B;
			remoteInfo = "Nimble-OSX";
		};
		A7B52D421BBF14AA009BA12F /* PBXContainerItemProxy */ = {
			isa = PBXContainerItemProxy;
			containerPortal = A7B52D351BBF14AA009BA12F /* Nimble.xcodeproj */;
			proxyType = 2;
			remoteGlobalIDString = 1F925EB7195C0D6300ED456B;
			remoteInfo = "Nimble-OSXTests";
		};
		A7B52D441BBF14AE009BA12F /* PBXContainerItemProxy */ = {
			isa = PBXContainerItemProxy;
			containerPortal = A7B52D351BBF14AA009BA12F /* Nimble.xcodeproj */;
			proxyType = 1;
			remoteGlobalIDString = 1F925EAC195C0D6300ED456B;
			remoteInfo = "Nimble-OSX";
		};
/* End PBXContainerItemProxy section */

/* Begin PBXCopyFilesBuildPhase section */
		1EFC5A5D1B2BA87000CC11E4 /* Embed Frameworks */ = {
			isa = PBXCopyFilesBuildPhase;
			buildActionMask = 2147483647;
			dstPath = "";
			dstSubfolderSpec = 10;
			files = (
				1EFC5A5E1B2BA87000CC11E4 /* Caramel.framework in Embed Frameworks */,
			);
			name = "Embed Frameworks";
			runOnlyForDeploymentPostprocessing = 0;
		};
/* End PBXCopyFilesBuildPhase section */

/* Begin PBXFileReference section */
		1E01F5D71BAE1DAD002EA5E0 /* HashStream.swift */ = {isa = PBXFileReference; fileEncoding = 4; lastKnownFileType = sourcecode.swift; path = HashStream.swift; sourceTree = "<group>"; };
		1E0280C21B65AFA200B2C650 /* PullStream.swift */ = {isa = PBXFileReference; fileEncoding = 4; lastKnownFileType = sourcecode.swift; path = PullStream.swift; sourceTree = "<group>"; };
		1E0280E91B69DB4D00B2C650 /* Runtime.swift */ = {isa = PBXFileReference; fileEncoding = 4; lastKnownFileType = sourcecode.swift; path = Runtime.swift; sourceTree = "<group>"; };
		1E0280FB1B6C5ACD00B2C650 /* FileMetadata.swift */ = {isa = PBXFileReference; fileEncoding = 4; lastKnownFileType = sourcecode.swift; path = FileMetadata.swift; sourceTree = "<group>"; };
		1E0281161B6C69AD00B2C650 /* CaramelTests.xctest */ = {isa = PBXFileReference; explicitFileType = wrapper.cfbundle; includeInIndex = 0; path = CaramelTests.xctest; sourceTree = BUILT_PRODUCTS_DIR; };
		1E02811A1B6C69AD00B2C650 /* Info.plist */ = {isa = PBXFileReference; lastKnownFileType = text.plist.xml; path = Info.plist; sourceTree = "<group>"; };
		1E0281211B6C69E100B2C650 /* Quick.framework */ = {isa = PBXFileReference; lastKnownFileType = wrapper.framework; name = Quick.framework; path = ../../External/Quick/build/Debug/Quick.framework; sourceTree = "<group>"; };
		1E0281231B6C69E700B2C650 /* Nimble.framework */ = {isa = PBXFileReference; lastKnownFileType = wrapper.framework; name = Nimble.framework; path = ../../External/Quick/Externals/Nimble/build/Debug/Nimble.framework; sourceTree = "<group>"; };
		1E0281261B6C6C0D00B2C650 /* RuntimeTests.swift */ = {isa = PBXFileReference; fileEncoding = 4; lastKnownFileType = sourcecode.swift; path = RuntimeTests.swift; sourceTree = "<group>"; };
		1E0281281B6C6D2800B2C650 /* FileTests.swift */ = {isa = PBXFileReference; fileEncoding = 4; lastKnownFileType = sourcecode.swift; path = FileTests.swift; sourceTree = "<group>"; usesTabs = 1; };
		1E0281321B6CB53F00B2C650 /* SupportGenerators.swift */ = {isa = PBXFileReference; fileEncoding = 4; lastKnownFileType = sourcecode.swift; path = SupportGenerators.swift; sourceTree = "<group>"; };
		1E0281341B6D472200B2C650 /* FileWriter.swift */ = {isa = PBXFileReference; fileEncoding = 4; lastKnownFileType = sourcecode.swift; path = FileWriter.swift; sourceTree = "<group>"; };
		1E1607D01B2B5A2100A602E5 /* main.swift */ = {isa = PBXFileReference; fileEncoding = 4; lastKnownFileType = sourcecode.swift; path = main.swift; sourceTree = "<group>"; };
		1E1607D51B2B5A2C00A602E5 /* Connection.swift */ = {isa = PBXFileReference; fileEncoding = 4; lastKnownFileType = sourcecode.swift; path = Connection.swift; sourceTree = "<group>"; };
		1E1607D61B2B5A2C00A602E5 /* Server.swift */ = {isa = PBXFileReference; fileEncoding = 4; lastKnownFileType = sourcecode.swift; path = Server.swift; sourceTree = "<group>"; };
		1E1607D91B2B5A2C00A602E5 /* HTTPRequest.swift */ = {isa = PBXFileReference; fileEncoding = 4; lastKnownFileType = sourcecode.swift; path = HTTPRequest.swift; sourceTree = "<group>"; };
		1E22F8651BAE4DF600B4A047 /* Hasher.swift */ = {isa = PBXFileReference; fileEncoding = 4; lastKnownFileType = sourcecode.swift; path = Hasher.swift; sourceTree = "<group>"; };
		1E22F8671BAE4E5E00B4A047 /* MD5Hasher.swift */ = {isa = PBXFileReference; fileEncoding = 4; lastKnownFileType = sourcecode.swift; path = MD5Hasher.swift; sourceTree = "<group>"; };
		1E22F8691BAE4EC600B4A047 /* MD2Hasher.swift */ = {isa = PBXFileReference; fileEncoding = 4; lastKnownFileType = sourcecode.swift; path = MD2Hasher.swift; sourceTree = "<group>"; };
		1E22F86B1BAE4ED900B4A047 /* MD4Hasher.swift */ = {isa = PBXFileReference; fileEncoding = 4; lastKnownFileType = sourcecode.swift; path = MD4Hasher.swift; sourceTree = "<group>"; };
		1E22F86D1BAE50FD00B4A047 /* SHA1Hasher.swift */ = {isa = PBXFileReference; fileEncoding = 4; lastKnownFileType = sourcecode.swift; path = SHA1Hasher.swift; sourceTree = "<group>"; };
		1E22F8711BAE515300B4A047 /* SHA256Hasher.swift */ = {isa = PBXFileReference; fileEncoding = 4; lastKnownFileType = sourcecode.swift; path = SHA256Hasher.swift; sourceTree = "<group>"; };
		1E22F8731BAE517A00B4A047 /* SHA224Hasher.swift */ = {isa = PBXFileReference; fileEncoding = 4; lastKnownFileType = sourcecode.swift; path = SHA224Hasher.swift; sourceTree = "<group>"; };
		1E22F8751BAF055F00B4A047 /* SHA512Hasher.swift */ = {isa = PBXFileReference; fileEncoding = 4; lastKnownFileType = sourcecode.swift; path = SHA512Hasher.swift; sourceTree = "<group>"; };
		1E22F8771BAF1F7900B4A047 /* HMACStream.swift */ = {isa = PBXFileReference; fileEncoding = 4; lastKnownFileType = sourcecode.swift; path = HMACStream.swift; sourceTree = "<group>"; };
		1E22F8791BAF267500B4A047 /* Base64.swift */ = {isa = PBXFileReference; fileEncoding = 4; lastKnownFileType = sourcecode.swift; path = Base64.swift; sourceTree = "<group>"; };
		1E3F91FF1B649FED00235033 /* FileReader.swift */ = {isa = PBXFileReference; fileEncoding = 4; lastKnownFileType = sourcecode.swift; path = FileReader.swift; sourceTree = "<group>"; };
		1E3F92021B65469D00235033 /* Data.swift */ = {isa = PBXFileReference; fileEncoding = 4; lastKnownFileType = sourcecode.swift; path = Data.swift; sourceTree = "<group>"; };
		1E55784E1BCA3DED00E10926 /* StringToData.swift */ = {isa = PBXFileReference; fileEncoding = 4; lastKnownFileType = sourcecode.swift; path = StringToData.swift; sourceTree = "<group>"; };
		1E5578641BCCC62400E10926 /* FileWritePushStream.swift */ = {isa = PBXFileReference; fileEncoding = 4; lastKnownFileType = sourcecode.swift; path = FileWritePushStream.swift; sourceTree = "<group>"; usesTabs = 1; };
		1E785BB41B2BEB6800BBC93F /* GCDAsyncSocket.h */ = {isa = PBXFileReference; fileEncoding = 4; lastKnownFileType = sourcecode.c.h; path = GCDAsyncSocket.h; sourceTree = "<group>"; };
		1E785BB61B2BEB7100BBC93F /* GCDAsyncSocket.m */ = {isa = PBXFileReference; fileEncoding = 4; lastKnownFileType = sourcecode.c.objc; path = GCDAsyncSocket.m; sourceTree = "<group>"; };
		1E785BB81B2BEC1000BBC93F /* Bridging-Header.h */ = {isa = PBXFileReference; lastKnownFileType = sourcecode.c.h; path = "Bridging-Header.h"; sourceTree = "<group>"; };
		1E785BB91B2BF2BD00BBC93F /* GCDAsyncSocketListener.swift */ = {isa = PBXFileReference; fileEncoding = 4; lastKnownFileType = sourcecode.swift; path = GCDAsyncSocketListener.swift; sourceTree = "<group>"; };
		1E7E588C1B61957400F2F60C /* File.swift */ = {isa = PBXFileReference; fileEncoding = 4; lastKnownFileType = sourcecode.swift; path = File.swift; sourceTree = "<group>"; };
		1E8EAD261B2E15EB00365A68 /* Streaming.swift */ = {isa = PBXFileReference; fileEncoding = 4; lastKnownFileType = sourcecode.swift; path = Streaming.swift; sourceTree = "<group>"; };
		1E8EAD281B2E724F00365A68 /* PushStream.swift */ = {isa = PBXFileReference; fileEncoding = 4; lastKnownFileType = sourcecode.swift; path = PushStream.swift; sourceTree = "<group>"; };
		1E8EAD2C1B2E863A00365A68 /* SocketReadStream.swift */ = {isa = PBXFileReference; fileEncoding = 4; lastKnownFileType = sourcecode.swift; path = SocketReadStream.swift; sourceTree = "<group>"; };
		1E9AC4931BD3133700D2B064 /* TCPServer.swift */ = {isa = PBXFileReference; fileEncoding = 4; lastKnownFileType = sourcecode.swift; path = TCPServer.swift; sourceTree = "<group>"; };
		1E9AC4991BD4966600D2B064 /* TCPConnection.swift */ = {isa = PBXFileReference; fileEncoding = 4; lastKnownFileType = sourcecode.swift; path = TCPConnection.swift; sourceTree = "<group>"; };
		1E9AC49B1BD4966D00D2B064 /* UVSupport.swift */ = {isa = PBXFileReference; fileEncoding = 4; lastKnownFileType = sourcecode.swift; path = UVSupport.swift; sourceTree = "<group>"; };
		1EA3AB061B32721E002B1964 /* HTTPServer.swift */ = {isa = PBXFileReference; fileEncoding = 4; lastKnownFileType = sourcecode.swift; path = HTTPServer.swift; sourceTree = "<group>"; };
		1EA3AB081B327360002B1964 /* SocketServer.swift */ = {isa = PBXFileReference; fileEncoding = 4; lastKnownFileType = sourcecode.swift; path = SocketServer.swift; sourceTree = "<group>"; };
		1EA3AB0A1B32743E002B1964 /* HTTPResponse.swift */ = {isa = PBXFileReference; fileEncoding = 4; lastKnownFileType = sourcecode.swift; path = HTTPResponse.swift; sourceTree = "<group>"; };
		1EB26C4A1BC10F85004136E9 /* FileReadPushStream.swift */ = {isa = PBXFileReference; fileEncoding = 4; lastKnownFileType = sourcecode.swift; path = FileReadPushStream.swift; sourceTree = "<group>"; };
		1EB26C561BC10F91004136E9 /* EventLoop.swift */ = {isa = PBXFileReference; fileEncoding = 4; lastKnownFileType = sourcecode.swift; path = EventLoop.swift; sourceTree = "<group>"; };
		1EB26C581BC1BBDB004136E9 /* StreamTransforming.swift */ = {isa = PBXFileReference; fileEncoding = 4; lastKnownFileType = sourcecode.swift; path = StreamTransforming.swift; sourceTree = "<group>"; };
		1EFC5A311B2BA82300CC11E4 /* TestServer.app */ = {isa = PBXFileReference; explicitFileType = wrapper.application; includeInIndex = 0; path = TestServer.app; sourceTree = BUILT_PRODUCTS_DIR; };
		1EFC5A3E1B2BA82300CC11E4 /* Info.plist */ = {isa = PBXFileReference; lastKnownFileType = text.plist.xml; path = Info.plist; sourceTree = "<group>"; };
		1EFC5A471B2BA86F00CC11E4 /* Caramel.framework */ = {isa = PBXFileReference; explicitFileType = wrapper.framework; includeInIndex = 0; path = Caramel.framework; sourceTree = BUILT_PRODUCTS_DIR; };
		1EFC5A691B2BAF6B00CC11E4 /* SocketListener.swift */ = {isa = PBXFileReference; fileEncoding = 4; lastKnownFileType = sourcecode.swift; path = SocketListener.swift; sourceTree = "<group>"; };
		1EFC5A6B1B2BB03900CC11E4 /* DispatchSocketListener.swift */ = {isa = PBXFileReference; fileEncoding = 4; lastKnownFileType = sourcecode.swift; path = DispatchSocketListener.swift; sourceTree = "<group>"; };
		1EFC5A711B2BC7BB00CC11E4 /* Types.swift */ = {isa = PBXFileReference; fileEncoding = 4; lastKnownFileType = sourcecode.swift; path = Types.swift; sourceTree = "<group>"; };
		1EFC5A761B2BD47F00CC11E4 /* SocketUtils.c */ = {isa = PBXFileReference; fileEncoding = 4; lastKnownFileType = sourcecode.c.c; path = SocketUtils.c; sourceTree = "<group>"; };
		1EFC5A771B2BD47F00CC11E4 /* SocketUtils.h */ = {isa = PBXFileReference; fileEncoding = 4; lastKnownFileType = sourcecode.c.h; path = SocketUtils.h; sourceTree = "<group>"; };
		A74412F21BBF448C00908A62 /* uv.xcodeproj */ = {isa = PBXFileReference; lastKnownFileType = "wrapper.pb-project"; path = uv.xcodeproj; sourceTree = "<group>"; };
		A74413021BBF464200908A62 /* libuv.a */ = {isa = PBXFileReference; lastKnownFileType = archive.ar; name = libuv.a; path = ../libuv/.libs/libuv.a; sourceTree = "<group>"; };
		A744130C1BBF477500908A62 /* android-ifaddrs.h */ = {isa = PBXFileReference; fileEncoding = 4; lastKnownFileType = sourcecode.c.h; path = "android-ifaddrs.h"; sourceTree = "<group>"; };
		A744130D1BBF477500908A62 /* pthread-fixes.h */ = {isa = PBXFileReference; fileEncoding = 4; lastKnownFileType = sourcecode.c.h; path = "pthread-fixes.h"; sourceTree = "<group>"; };
		A744130E1BBF477500908A62 /* stdint-msvc2008.h */ = {isa = PBXFileReference; fileEncoding = 4; lastKnownFileType = sourcecode.c.h; path = "stdint-msvc2008.h"; sourceTree = "<group>"; };
		A744130F1BBF477500908A62 /* tree.h */ = {isa = PBXFileReference; fileEncoding = 4; lastKnownFileType = sourcecode.c.h; path = tree.h; sourceTree = "<group>"; };
		A74413101BBF477500908A62 /* uv-aix.h */ = {isa = PBXFileReference; fileEncoding = 4; lastKnownFileType = sourcecode.c.h; path = "uv-aix.h"; sourceTree = "<group>"; };
		A74413111BBF477500908A62 /* uv-bsd.h */ = {isa = PBXFileReference; fileEncoding = 4; lastKnownFileType = sourcecode.c.h; path = "uv-bsd.h"; sourceTree = "<group>"; };
		A74413121BBF477500908A62 /* uv-darwin.h */ = {isa = PBXFileReference; fileEncoding = 4; lastKnownFileType = sourcecode.c.h; path = "uv-darwin.h"; sourceTree = "<group>"; };
		A74413131BBF477500908A62 /* uv-errno.h */ = {isa = PBXFileReference; fileEncoding = 4; lastKnownFileType = sourcecode.c.h; path = "uv-errno.h"; sourceTree = "<group>"; };
		A74413141BBF477500908A62 /* uv-linux.h */ = {isa = PBXFileReference; fileEncoding = 4; lastKnownFileType = sourcecode.c.h; path = "uv-linux.h"; sourceTree = "<group>"; };
		A74413151BBF477500908A62 /* uv-sunos.h */ = {isa = PBXFileReference; fileEncoding = 4; lastKnownFileType = sourcecode.c.h; path = "uv-sunos.h"; sourceTree = "<group>"; };
		A74413161BBF477500908A62 /* uv-threadpool.h */ = {isa = PBXFileReference; fileEncoding = 4; lastKnownFileType = sourcecode.c.h; path = "uv-threadpool.h"; sourceTree = "<group>"; };
		A74413171BBF477500908A62 /* uv-unix.h */ = {isa = PBXFileReference; fileEncoding = 4; lastKnownFileType = sourcecode.c.h; path = "uv-unix.h"; sourceTree = "<group>"; };
		A74413181BBF477500908A62 /* uv-version.h */ = {isa = PBXFileReference; fileEncoding = 4; lastKnownFileType = sourcecode.c.h; path = "uv-version.h"; sourceTree = "<group>"; };
		A74413191BBF477500908A62 /* uv-win.h */ = {isa = PBXFileReference; fileEncoding = 4; lastKnownFileType = sourcecode.c.h; path = "uv-win.h"; sourceTree = "<group>"; };
		A744131A1BBF477500908A62 /* uv.h */ = {isa = PBXFileReference; fileEncoding = 4; lastKnownFileType = sourcecode.c.h; path = uv.h; sourceTree = "<group>"; };
		A755D4A41BB5BD8200CE3B08 /* Result.swift */ = {isa = PBXFileReference; fileEncoding = 4; lastKnownFileType = sourcecode.swift; path = Result.swift; sourceTree = "<group>"; };
		A78FE77C1BCC42C4004A3270 /* StringSupport.swift */ = {isa = PBXFileReference; fileEncoding = 4; lastKnownFileType = sourcecode.swift; path = StringSupport.swift; sourceTree = "<group>"; };
		A7B52D1E1BBF148C009BA12F /* Quick.xcodeproj */ = {isa = PBXFileReference; lastKnownFileType = "wrapper.pb-project"; name = Quick.xcodeproj; path = ../../External/Quick/Quick.xcodeproj; sourceTree = "<group>"; };
		A7B52D351BBF14AA009BA12F /* Nimble.xcodeproj */ = {isa = PBXFileReference; lastKnownFileType = "wrapper.pb-project"; name = Nimble.xcodeproj; path = ../../External/Quick/Externals/Nimble/Nimble.xcodeproj; sourceTree = "<group>"; };
/* End PBXFileReference section */

/* Begin PBXFrameworksBuildPhase section */
		1E0281131B6C69AD00B2C650 /* Frameworks */ = {
			isa = PBXFrameworksBuildPhase;
			buildActionMask = 2147483647;
			files = (
				1E0281241B6C69E700B2C650 /* Nimble.framework in Frameworks */,
				1E0281221B6C69E100B2C650 /* Quick.framework in Frameworks */,
				1E02811B1B6C69AD00B2C650 /* Caramel.framework in Frameworks */,
			);
			runOnlyForDeploymentPostprocessing = 0;
		};
		1EFC5A2E1B2BA82300CC11E4 /* Frameworks */ = {
			isa = PBXFrameworksBuildPhase;
			buildActionMask = 2147483647;
			files = (
				1EFC5A5C1B2BA87000CC11E4 /* Caramel.framework in Frameworks */,
			);
			runOnlyForDeploymentPostprocessing = 0;
		};
		1EFC5A431B2BA86F00CC11E4 /* Frameworks */ = {
			isa = PBXFrameworksBuildPhase;
			buildActionMask = 2147483647;
			files = (
				A74413031BBF464200908A62 /* libuv.a in Frameworks */,
			);
			runOnlyForDeploymentPostprocessing = 0;
		};
/* End PBXFrameworksBuildPhase section */

/* Begin PBXGroup section */
		1E01F5D61BAE1D75002EA5E0 /* Crypto */ = {
			isa = PBXGroup;
			children = (
				1E22F8621BAE4DD000B4A047 /* Hashing */,
				1E01F5D71BAE1DAD002EA5E0 /* HashStream.swift */,
				1E22F8771BAF1F7900B4A047 /* HMACStream.swift */,
			);
			path = Crypto;
			sourceTree = "<group>";
		};
		1E0280E81B69DB4D00B2C650 /* Process */ = {
			isa = PBXGroup;
			children = (
				1E0280E91B69DB4D00B2C650 /* Runtime.swift */,
				1E0281261B6C6C0D00B2C650 /* RuntimeTests.swift */,
			);
			path = Process;
			sourceTree = "<group>";
		};
		1E0281171B6C69AD00B2C650 /* Tests */ = {
			isa = PBXGroup;
			children = (
				1E0281251B6C6BC300B2C650 /* Support */,
			);
			name = Tests;
			path = CaramelTests;
			sourceTree = "<group>";
		};
		1E0281251B6C6BC300B2C650 /* Support */ = {
			isa = PBXGroup;
			children = (
				A7B52D351BBF14AA009BA12F /* Nimble.xcodeproj */,
				A7B52D1E1BBF148C009BA12F /* Quick.xcodeproj */,
				1E0281231B6C69E700B2C650 /* Nimble.framework */,
				1E0281211B6C69E100B2C650 /* Quick.framework */,
				1E02811A1B6C69AD00B2C650 /* Info.plist */,
			);
			name = Support;
			sourceTree = "<group>";
		};
		1E0281311B6CB50600B2C650 /* Support */ = {
			isa = PBXGroup;
			children = (
				1E5578431BCA37B300E10926 /* String */,
				A74412DD1BBF34D500908A62 /* Result */,
				1EB26C561BC10F91004136E9 /* EventLoop.swift */,
				1E0281321B6CB53F00B2C650 /* SupportGenerators.swift */,
				1E22F8791BAF267500B4A047 /* Base64.swift */,
				1E9AC49B1BD4966D00D2B064 /* UVSupport.swift */,
			);
			path = Support;
			sourceTree = "<group>";
		};
		1E1607BB1B2B4CDD00A602E5 = {
			isa = PBXGroup;
			children = (
				A74412F11BBF447B00908A62 /* uv */,
				1E1607C61B2B4CDD00A602E5 /* Caramel */,
				1EFC5A321B2BA82300CC11E4 /* TestServer */,
				1E0281171B6C69AD00B2C650 /* Tests */,
				1E1607C51B2B4CDD00A602E5 /* Products */,
			);
			sourceTree = "<group>";
		};
		1E1607C51B2B4CDD00A602E5 /* Products */ = {
			isa = PBXGroup;
			children = (
				1EFC5A311B2BA82300CC11E4 /* TestServer.app */,
				1EFC5A471B2BA86F00CC11E4 /* Caramel.framework */,
				1E0281161B6C69AD00B2C650 /* CaramelTests.xctest */,
			);
			name = Products;
			sourceTree = "<group>";
		};
		1E1607C61B2B4CDD00A602E5 /* Caramel */ = {
			isa = PBXGroup;
			children = (
				1E1607CF1B2B4CEA00A602E5 /* Test */,
				1E1607CE1B2B4CE600A602E5 /* Module */,
			);
			path = Caramel;
			sourceTree = "<group>";
		};
		1E1607CE1B2B4CE600A602E5 /* Module */ = {
			isa = PBXGroup;
			children = (
				1E24B2391BCF8588009A8C94 /* Deprecated */,
				1E3F92011B65468300235033 /* Data */,
				1E8EAD211B2E15C300365A68 /* Streams */,
				1E01F5D61BAE1D75002EA5E0 /* Crypto */,
				1E0281311B6CB50600B2C650 /* Support */,
				1E0280E81B69DB4D00B2C650 /* Process */,
				1E9AC4881BD3113800D2B064 /* TCP */,
				1E7E588B1B61955600F2F60C /* File */,
				1E785BB81B2BEC1000BBC93F /* Bridging-Header.h */,
			);
			name = Module;
			path = ../../Module;
			sourceTree = "<group>";
		};
		1E1607CF1B2B4CEA00A602E5 /* Test */ = {
			isa = PBXGroup;
			children = (
				1E1607D01B2B5A2100A602E5 /* main.swift */,
			);
			name = Test;
			path = ../../Test;
			sourceTree = "<group>";
		};
		1E1607D21B2B5A2C00A602E5 /* Network */ = {
			isa = PBXGroup;
			children = (
				1E785BB41B2BEB6800BBC93F /* GCDAsyncSocket.h */,
				1E785BB61B2BEB7100BBC93F /* GCDAsyncSocket.m */,
				1EA3AB081B327360002B1964 /* SocketServer.swift */,
				1E1607D61B2B5A2C00A602E5 /* Server.swift */,
				1E1607D51B2B5A2C00A602E5 /* Connection.swift */,
				1EFC5A691B2BAF6B00CC11E4 /* SocketListener.swift */,
				1E785BB91B2BF2BD00BBC93F /* GCDAsyncSocketListener.swift */,
				1EFC5A6B1B2BB03900CC11E4 /* DispatchSocketListener.swift */,
				1E8EAD2C1B2E863A00365A68 /* SocketReadStream.swift */,
				1EFC5A711B2BC7BB00CC11E4 /* Types.swift */,
				1EFC5A771B2BD47F00CC11E4 /* SocketUtils.h */,
				1EFC5A761B2BD47F00CC11E4 /* SocketUtils.c */,
			);
			name = Network;
			path = Deprecated/Network;
			sourceTree = "<group>";
		};
		1E1607D71B2B5A2C00A602E5 /* HTTP */ = {
			isa = PBXGroup;
			children = (
				1E1607D91B2B5A2C00A602E5 /* HTTPRequest.swift */,
				1EA3AB061B32721E002B1964 /* HTTPServer.swift */,
				1EA3AB0A1B32743E002B1964 /* HTTPResponse.swift */,
			);
			name = HTTP;
			path = Deprecated/HTTP;
			sourceTree = "<group>";
		};
		1E22F8621BAE4DD000B4A047 /* Hashing */ = {
			isa = PBXGroup;
			children = (
				1E22F8651BAE4DF600B4A047 /* Hasher.swift */,
				1E22F8691BAE4EC600B4A047 /* MD2Hasher.swift */,
				1E22F86B1BAE4ED900B4A047 /* MD4Hasher.swift */,
				1E22F8671BAE4E5E00B4A047 /* MD5Hasher.swift */,
				1E22F86D1BAE50FD00B4A047 /* SHA1Hasher.swift */,
				1E22F8731BAE517A00B4A047 /* SHA224Hasher.swift */,
				1E22F8711BAE515300B4A047 /* SHA256Hasher.swift */,
				1E22F8751BAF055F00B4A047 /* SHA512Hasher.swift */,
			);
			path = Hashing;
			sourceTree = "<group>";
		};
		1E24B2391BCF8588009A8C94 /* Deprecated */ = {
			isa = PBXGroup;
			children = (
				1E1607D71B2B5A2C00A602E5 /* HTTP */,
				1E1607D21B2B5A2C00A602E5 /* Network */,
			);
			name = Deprecated;
			sourceTree = "<group>";
		};
		1E3F92011B65468300235033 /* Data */ = {
			isa = PBXGroup;
			children = (
				1E3F92021B65469D00235033 /* Data.swift */,
			);
			path = Data;
			sourceTree = "<group>";
		};
		1E5578431BCA37B300E10926 /* String */ = {
			isa = PBXGroup;
			children = (
				1E55784E1BCA3DED00E10926 /* StringToData.swift */,
				A78FE77C1BCC42C4004A3270 /* StringSupport.swift */,
			);
			name = String;
			path = ../Strings;
			sourceTree = "<group>";
		};
		1E7E588B1B61955600F2F60C /* File */ = {
			isa = PBXGroup;
			children = (
				1E7E588C1B61957400F2F60C /* File.swift */,
				1E0280FB1B6C5ACD00B2C650 /* FileMetadata.swift */,
				1EB26C4A1BC10F85004136E9 /* FileReadPushStream.swift */,
				1E5578641BCCC62400E10926 /* FileWritePushStream.swift */,
				1E3F91FF1B649FED00235033 /* FileReader.swift */,
				1E0281341B6D472200B2C650 /* FileWriter.swift */,
				1E0281281B6C6D2800B2C650 /* FileTests.swift */,
			);
			path = File;
			sourceTree = "<group>";
		};
		1E8EAD211B2E15C300365A68 /* Streams */ = {
			isa = PBXGroup;
			children = (
				1E8EAD261B2E15EB00365A68 /* Streaming.swift */,
				1E8EAD281B2E724F00365A68 /* PushStream.swift */,
				1E0280C21B65AFA200B2C650 /* PullStream.swift */,
				1EB26C581BC1BBDB004136E9 /* StreamTransforming.swift */,
			);
			path = Streams;
			sourceTree = "<group>";
		};
		1E9AC4881BD3113800D2B064 /* TCP */ = {
			isa = PBXGroup;
			children = (
				1E9AC4931BD3133700D2B064 /* TCPServer.swift */,
				1E9AC4991BD4966600D2B064 /* TCPConnection.swift */,
			);
			path = TCP;
			sourceTree = "<group>";
		};
		1EFC5A321B2BA82300CC11E4 /* TestServer */ = {
			isa = PBXGroup;
			children = (
				1EFC5A3E1B2BA82300CC11E4 /* Info.plist */,
			);
			path = TestServer;
			sourceTree = "<group>";
		};
		A74412DD1BBF34D500908A62 /* Result */ = {
			isa = PBXGroup;
			children = (
				A755D4A41BB5BD8200CE3B08 /* Result.swift */,
			);
			name = Result;
			sourceTree = "<group>";
		};
		A74412F11BBF447B00908A62 /* uv */ = {
			isa = PBXGroup;
			children = (
				A744130B1BBF477500908A62 /* include */,
				A74413021BBF464200908A62 /* libuv.a */,
				A74412F21BBF448C00908A62 /* uv.xcodeproj */,
			);
			name = uv;
			path = ../External/uv;
			sourceTree = "<group>";
		};
		A74412F31BBF448C00908A62 /* Products */ = {
			isa = PBXGroup;
			children = (
			);
			name = Products;
			sourceTree = "<group>";
		};
		A744130B1BBF477500908A62 /* include */ = {
			isa = PBXGroup;
			children = (
				A744130C1BBF477500908A62 /* android-ifaddrs.h */,
				A744130D1BBF477500908A62 /* pthread-fixes.h */,
				A744130E1BBF477500908A62 /* stdint-msvc2008.h */,
				A744130F1BBF477500908A62 /* tree.h */,
				A74413101BBF477500908A62 /* uv-aix.h */,
				A74413111BBF477500908A62 /* uv-bsd.h */,
				A74413121BBF477500908A62 /* uv-darwin.h */,
				A74413131BBF477500908A62 /* uv-errno.h */,
				A74413141BBF477500908A62 /* uv-linux.h */,
				A74413151BBF477500908A62 /* uv-sunos.h */,
				A74413161BBF477500908A62 /* uv-threadpool.h */,
				A74413171BBF477500908A62 /* uv-unix.h */,
				A74413181BBF477500908A62 /* uv-version.h */,
				A74413191BBF477500908A62 /* uv-win.h */,
				A744131A1BBF477500908A62 /* uv.h */,
			);
			name = include;
			path = ../libuv/include;
			sourceTree = "<group>";
		};
		A7B52D1F1BBF148C009BA12F /* Products */ = {
			isa = PBXGroup;
			children = (
				A7B52D281BBF148C009BA12F /* Quick.framework */,
				A7B52D2A1BBF148C009BA12F /* Quick-OSXTests.xctest */,
				A7B52D2C1BBF148C009BA12F /* QuickFocused-OSXTests.xctest */,
				A7B52D2E1BBF148C009BA12F /* Quick.framework */,
				A7B52D301BBF148C009BA12F /* Quick-iOSTests.xctest */,
				A7B52D321BBF148C009BA12F /* QuickFocused-iOSTests.xctest */,
			);
			name = Products;
			sourceTree = "<group>";
		};
		A7B52D361BBF14AA009BA12F /* Products */ = {
			isa = PBXGroup;
			children = (
				A7B52D3D1BBF14AA009BA12F /* Nimble.framework */,
				A7B52D3F1BBF14AA009BA12F /* NimbleTests.xctest */,
				A7B52D411BBF14AA009BA12F /* Nimble.framework */,
				A7B52D431BBF14AA009BA12F /* NimbleTests.xctest */,
			);
			name = Products;
			sourceTree = "<group>";
		};
/* End PBXGroup section */

/* Begin PBXHeadersBuildPhase section */
		1EFC5A441B2BA86F00CC11E4 /* Headers */ = {
			isa = PBXHeadersBuildPhase;
			buildActionMask = 2147483647;
			files = (
				A74413291BBF477500908A62 /* uv.h in Headers */,
				A74413241BBF477500908A62 /* uv-sunos.h in Headers */,
				A744131B1BBF477500908A62 /* android-ifaddrs.h in Headers */,
				A74413211BBF477500908A62 /* uv-darwin.h in Headers */,
				A744131C1BBF477500908A62 /* pthread-fixes.h in Headers */,
				A74413281BBF477500908A62 /* uv-win.h in Headers */,
				A74413251BBF477500908A62 /* uv-threadpool.h in Headers */,
				1EFC5A791B2BD47F00CC11E4 /* SocketUtils.h in Headers */,
				A74413221BBF477500908A62 /* uv-errno.h in Headers */,
				A74413271BBF477500908A62 /* uv-version.h in Headers */,
				A744131D1BBF477500908A62 /* stdint-msvc2008.h in Headers */,
				A744131F1BBF477500908A62 /* uv-aix.h in Headers */,
				A744131E1BBF477500908A62 /* tree.h in Headers */,
				1E785BB51B2BEB6800BBC93F /* GCDAsyncSocket.h in Headers */,
				A74413231BBF477500908A62 /* uv-linux.h in Headers */,
				A74413201BBF477500908A62 /* uv-bsd.h in Headers */,
				A74413261BBF477500908A62 /* uv-unix.h in Headers */,
			);
			runOnlyForDeploymentPostprocessing = 0;
		};
/* End PBXHeadersBuildPhase section */

/* Begin PBXNativeTarget section */
		1E0281151B6C69AD00B2C650 /* CaramelTests */ = {
			isa = PBXNativeTarget;
			buildConfigurationList = 1E0281201B6C69AD00B2C650 /* Build configuration list for PBXNativeTarget "CaramelTests" */;
			buildPhases = (
				1E0281121B6C69AD00B2C650 /* Sources */,
				1E0281131B6C69AD00B2C650 /* Frameworks */,
				1E0281141B6C69AD00B2C650 /* Resources */,
			);
			buildRules = (
			);
			dependencies = (
				A74413071BBF465500908A62 /* PBXTargetDependency */,
				A7B52D451BBF14AE009BA12F /* PBXTargetDependency */,
				A7B52D341BBF149C009BA12F /* PBXTargetDependency */,
				1E02811D1B6C69AD00B2C650 /* PBXTargetDependency */,
				1E731E981BC37AF5002D5D63 /* PBXTargetDependency */,
			);
			name = CaramelTests;
			productName = CaramelTests;
			productReference = 1E0281161B6C69AD00B2C650 /* CaramelTests.xctest */;
			productType = "com.apple.product-type.bundle.unit-test";
		};
		1EFC5A301B2BA82300CC11E4 /* TestServer */ = {
			isa = PBXNativeTarget;
			buildConfigurationList = 1EFC5A3F1B2BA82300CC11E4 /* Build configuration list for PBXNativeTarget "TestServer" */;
			buildPhases = (
				1EFC5A2D1B2BA82300CC11E4 /* Sources */,
				1EFC5A2E1B2BA82300CC11E4 /* Frameworks */,
				1EFC5A2F1B2BA82300CC11E4 /* Resources */,
				1EFC5A5D1B2BA87000CC11E4 /* Embed Frameworks */,
			);
			buildRules = (
			);
			dependencies = (
				1EFC5A5B1B2BA87000CC11E4 /* PBXTargetDependency */,
			);
			name = TestServer;
			productName = TestServer;
			productReference = 1EFC5A311B2BA82300CC11E4 /* TestServer.app */;
			productType = "com.apple.product-type.application";
		};
		1EFC5A461B2BA86F00CC11E4 /* Caramel */ = {
			isa = PBXNativeTarget;
			buildConfigurationList = 1EFC5A5F1B2BA87000CC11E4 /* Build configuration list for PBXNativeTarget "Caramel" */;
			buildPhases = (
				1EFC5A421B2BA86F00CC11E4 /* Sources */,
				1EFC5A431B2BA86F00CC11E4 /* Frameworks */,
				1EFC5A441B2BA86F00CC11E4 /* Headers */,
				1EFC5A451B2BA86F00CC11E4 /* Resources */,
			);
			buildRules = (
			);
			dependencies = (
			);
			name = Caramel;
			productName = Caramel;
			productReference = 1EFC5A471B2BA86F00CC11E4 /* Caramel.framework */;
			productType = "com.apple.product-type.framework";
		};
/* End PBXNativeTarget section */

/* Begin PBXProject section */
		1E1607BC1B2B4CDD00A602E5 /* Project object */ = {
			isa = PBXProject;
			attributes = {
				LastSwiftUpdateCheck = 0700;
				LastUpgradeCheck = 0700;
				ORGANIZATIONNAME = "Lunar Guard";
				TargetAttributes = {
					1E0281151B6C69AD00B2C650 = {
						CreatedOnToolsVersion = 7.0;
						TestTargetID = 1EFC5A301B2BA82300CC11E4;
					};
					1EFC5A301B2BA82300CC11E4 = {
						CreatedOnToolsVersion = 7.0;
					};
					1EFC5A461B2BA86F00CC11E4 = {
						CreatedOnToolsVersion = 7.0;
					};
				};
			};
			buildConfigurationList = 1E1607BF1B2B4CDD00A602E5 /* Build configuration list for PBXProject "Caramel" */;
			compatibilityVersion = "Xcode 3.2";
			developmentRegion = English;
			hasScannedForEncodings = 0;
			knownRegions = (
				en,
				Base,
			);
			mainGroup = 1E1607BB1B2B4CDD00A602E5;
			productRefGroup = 1E1607C51B2B4CDD00A602E5 /* Products */;
			projectDirPath = "";
			projectReferences = (
				{
					ProductGroup = A7B52D361BBF14AA009BA12F /* Products */;
					ProjectRef = A7B52D351BBF14AA009BA12F /* Nimble.xcodeproj */;
				},
				{
					ProductGroup = A7B52D1F1BBF148C009BA12F /* Products */;
					ProjectRef = A7B52D1E1BBF148C009BA12F /* Quick.xcodeproj */;
				},
				{
					ProductGroup = A74412F31BBF448C00908A62 /* Products */;
					ProjectRef = A74412F21BBF448C00908A62 /* uv.xcodeproj */;
				},
			);
			projectRoot = "";
			targets = (
				1EFC5A461B2BA86F00CC11E4 /* Caramel */,
				1E0281151B6C69AD00B2C650 /* CaramelTests */,
				1EFC5A301B2BA82300CC11E4 /* TestServer */,
			);
		};
/* End PBXProject section */

/* Begin PBXReferenceProxy section */
		A7B52D281BBF148C009BA12F /* Quick.framework */ = {
			isa = PBXReferenceProxy;
			fileType = wrapper.framework;
			path = Quick.framework;
			remoteRef = A7B52D271BBF148C009BA12F /* PBXContainerItemProxy */;
			sourceTree = BUILT_PRODUCTS_DIR;
		};
		A7B52D2A1BBF148C009BA12F /* Quick-OSXTests.xctest */ = {
			isa = PBXReferenceProxy;
			fileType = wrapper.cfbundle;
			path = "Quick-OSXTests.xctest";
			remoteRef = A7B52D291BBF148C009BA12F /* PBXContainerItemProxy */;
			sourceTree = BUILT_PRODUCTS_DIR;
		};
		A7B52D2C1BBF148C009BA12F /* QuickFocused-OSXTests.xctest */ = {
			isa = PBXReferenceProxy;
			fileType = wrapper.cfbundle;
			path = "QuickFocused-OSXTests.xctest";
			remoteRef = A7B52D2B1BBF148C009BA12F /* PBXContainerItemProxy */;
			sourceTree = BUILT_PRODUCTS_DIR;
		};
		A7B52D2E1BBF148C009BA12F /* Quick.framework */ = {
			isa = PBXReferenceProxy;
			fileType = wrapper.framework;
			path = Quick.framework;
			remoteRef = A7B52D2D1BBF148C009BA12F /* PBXContainerItemProxy */;
			sourceTree = BUILT_PRODUCTS_DIR;
		};
		A7B52D301BBF148C009BA12F /* Quick-iOSTests.xctest */ = {
			isa = PBXReferenceProxy;
			fileType = wrapper.cfbundle;
			path = "Quick-iOSTests.xctest";
			remoteRef = A7B52D2F1BBF148C009BA12F /* PBXContainerItemProxy */;
			sourceTree = BUILT_PRODUCTS_DIR;
		};
		A7B52D321BBF148C009BA12F /* QuickFocused-iOSTests.xctest */ = {
			isa = PBXReferenceProxy;
			fileType = wrapper.cfbundle;
			path = "QuickFocused-iOSTests.xctest";
			remoteRef = A7B52D311BBF148C009BA12F /* PBXContainerItemProxy */;
			sourceTree = BUILT_PRODUCTS_DIR;
		};
		A7B52D3D1BBF14AA009BA12F /* Nimble.framework */ = {
			isa = PBXReferenceProxy;
			fileType = wrapper.framework;
			path = Nimble.framework;
			remoteRef = A7B52D3C1BBF14AA009BA12F /* PBXContainerItemProxy */;
			sourceTree = BUILT_PRODUCTS_DIR;
		};
		A7B52D3F1BBF14AA009BA12F /* NimbleTests.xctest */ = {
			isa = PBXReferenceProxy;
			fileType = wrapper.cfbundle;
			path = NimbleTests.xctest;
			remoteRef = A7B52D3E1BBF14AA009BA12F /* PBXContainerItemProxy */;
			sourceTree = BUILT_PRODUCTS_DIR;
		};
		A7B52D411BBF14AA009BA12F /* Nimble.framework */ = {
			isa = PBXReferenceProxy;
			fileType = wrapper.framework;
			path = Nimble.framework;
			remoteRef = A7B52D401BBF14AA009BA12F /* PBXContainerItemProxy */;
			sourceTree = BUILT_PRODUCTS_DIR;
		};
		A7B52D431BBF14AA009BA12F /* NimbleTests.xctest */ = {
			isa = PBXReferenceProxy;
			fileType = wrapper.cfbundle;
			path = NimbleTests.xctest;
			remoteRef = A7B52D421BBF14AA009BA12F /* PBXContainerItemProxy */;
			sourceTree = BUILT_PRODUCTS_DIR;
		};
/* End PBXReferenceProxy section */

/* Begin PBXResourcesBuildPhase section */
		1E0281141B6C69AD00B2C650 /* Resources */ = {
			isa = PBXResourcesBuildPhase;
			buildActionMask = 2147483647;
			files = (
			);
			runOnlyForDeploymentPostprocessing = 0;
		};
		1EFC5A2F1B2BA82300CC11E4 /* Resources */ = {
			isa = PBXResourcesBuildPhase;
			buildActionMask = 2147483647;
			files = (
			);
			runOnlyForDeploymentPostprocessing = 0;
		};
		1EFC5A451B2BA86F00CC11E4 /* Resources */ = {
			isa = PBXResourcesBuildPhase;
			buildActionMask = 2147483647;
			files = (
			);
			runOnlyForDeploymentPostprocessing = 0;
		};
/* End PBXResourcesBuildPhase section */

/* Begin PBXSourcesBuildPhase section */
		1E0281121B6C69AD00B2C650 /* Sources */ = {
			isa = PBXSourcesBuildPhase;
			buildActionMask = 2147483647;
			files = (
				1E0281291B6C6D2800B2C650 /* FileTests.swift in Sources */,
				1E0281271B6C6C0D00B2C650 /* RuntimeTests.swift in Sources */,
			);
			runOnlyForDeploymentPostprocessing = 0;
		};
		1EFC5A2D1B2BA82300CC11E4 /* Sources */ = {
			isa = PBXSourcesBuildPhase;
			buildActionMask = 2147483647;
			files = (
				1EFC5A681B2BA88B00CC11E4 /* main.swift in Sources */,
			);
			runOnlyForDeploymentPostprocessing = 0;
		};
		1EFC5A421B2BA86F00CC11E4 /* Sources */ = {
			isa = PBXSourcesBuildPhase;
			buildActionMask = 2147483647;
			files = (
				1E785BB71B2BEB7100BBC93F /* GCDAsyncSocket.m in Sources */,
				1E22F8661BAE4DF600B4A047 /* Hasher.swift in Sources */,
				1E3F92031B65469D00235033 /* Data.swift in Sources */,
				1E22F8781BAF1F7900B4A047 /* HMACStream.swift in Sources */,
				1E9AC4941BD3133700D2B064 /* TCPServer.swift in Sources */,
				1E9AC49A1BD4966600D2B064 /* TCPConnection.swift in Sources */,
				1E22F86E1BAE50FD00B4A047 /* SHA1Hasher.swift in Sources */,
				1E68D8731BC39AE700C45466 /* EventLoop.swift in Sources */,
				1E55788D1BCEAA2400E10926 /* FileWritePushStream.swift in Sources */,
				A78FE77D1BCC42C4004A3270 /* StringSupport.swift in Sources */,
				1E22F8681BAE4E5E00B4A047 /* MD5Hasher.swift in Sources */,
				1E0280FC1B6C5ACD00B2C650 /* FileMetadata.swift in Sources */,
				1E68D8721BC39A8B00C45466 /* Result.swift in Sources */,
				1E3F92001B649FED00235033 /* FileReader.swift in Sources */,
				1EFC5A781B2BD47F00CC11E4 /* SocketUtils.c in Sources */,
				1E8EAD291B2E724F00365A68 /* PushStream.swift in Sources */,
				1E22F86A1BAE4EC600B4A047 /* MD2Hasher.swift in Sources */,
				1E0280C31B65AFA200B2C650 /* PullStream.swift in Sources */,
				1E22F87A1BAF267500B4A047 /* Base64.swift in Sources */,
				1E68D8741BC39B7E00C45466 /* FileReadPushStream.swift in Sources */,
				1EB26C591BC1BBDB004136E9 /* StreamTransforming.swift in Sources */,
				1E22F8741BAE517A00B4A047 /* SHA224Hasher.swift in Sources */,
				1E0281351B6D472200B2C650 /* FileWriter.swift in Sources */,
				1E8EAD271B2E15EB00365A68 /* Streaming.swift in Sources */,
				1E55784F1BCA3DED00E10926 /* StringToData.swift in Sources */,
				1E01F5D81BAE1DAD002EA5E0 /* HashStream.swift in Sources */,
				1E7E588D1B61957400F2F60C /* File.swift in Sources */,
				1E22F86C1BAE4ED900B4A047 /* MD4Hasher.swift in Sources */,
				1E0281331B6CB53F00B2C650 /* SupportGenerators.swift in Sources */,
				1E22F8721BAE515300B4A047 /* SHA256Hasher.swift in Sources */,
				1E0280EA1B69DB4D00B2C650 /* Runtime.swift in Sources */,
				1E9AC49C1BD4966D00D2B064 /* UVSupport.swift in Sources */,
				1E22F8761BAF055F00B4A047 /* SHA512Hasher.swift in Sources */,
			);
			runOnlyForDeploymentPostprocessing = 0;
		};
/* End PBXSourcesBuildPhase section */

/* Begin PBXTargetDependency section */
		1E02811D1B6C69AD00B2C650 /* PBXTargetDependency */ = {
			isa = PBXTargetDependency;
			target = 1EFC5A461B2BA86F00CC11E4 /* Caramel */;
			targetProxy = 1E02811C1B6C69AD00B2C650 /* PBXContainerItemProxy */;
		};
		1E731E981BC37AF5002D5D63 /* PBXTargetDependency */ = {
			isa = PBXTargetDependency;
			target = 1EFC5A301B2BA82300CC11E4 /* TestServer */;
			targetProxy = 1E731E971BC37AF5002D5D63 /* PBXContainerItemProxy */;
		};
		1EFC5A5B1B2BA87000CC11E4 /* PBXTargetDependency */ = {
			isa = PBXTargetDependency;
			target = 1EFC5A461B2BA86F00CC11E4 /* Caramel */;
			targetProxy = 1EFC5A5A1B2BA87000CC11E4 /* PBXContainerItemProxy */;
		};
		A74413071BBF465500908A62 /* PBXTargetDependency */ = {
			isa = PBXTargetDependency;
			name = uv;
			targetProxy = A74413061BBF465500908A62 /* PBXContainerItemProxy */;
		};
		A7B52D341BBF149C009BA12F /* PBXTargetDependency */ = {
			isa = PBXTargetDependency;
			name = "Quick-OSX";
			targetProxy = A7B52D331BBF149C009BA12F /* PBXContainerItemProxy */;
		};
		A7B52D451BBF14AE009BA12F /* PBXTargetDependency */ = {
			isa = PBXTargetDependency;
			name = "Nimble-OSX";
			targetProxy = A7B52D441BBF14AE009BA12F /* PBXContainerItemProxy */;
		};
/* End PBXTargetDependency section */

/* Begin XCBuildConfiguration section */
		1E02811E1B6C69AD00B2C650 /* Debug */ = {
			isa = XCBuildConfiguration;
			buildSettings = {
				COMBINE_HIDPI_IMAGES = YES;
				INFOPLIST_FILE = CaramelTests/Info.plist;
				LD_RUNPATH_SEARCH_PATHS = "$(inherited) @executable_path/../Frameworks @loader_path/../Frameworks";
				PRODUCT_BUNDLE_IDENTIFIER = org.caramelforswift.CaramelTests;
				PRODUCT_NAME = "$(TARGET_NAME)";
				TEST_HOST = "$(BUILT_PRODUCTS_DIR)/TestServer.app/Contents/MacOS/TestServer";
			};
			name = Debug;
		};
		1E02811F1B6C69AD00B2C650 /* Release */ = {
			isa = XCBuildConfiguration;
			buildSettings = {
				COMBINE_HIDPI_IMAGES = YES;
				INFOPLIST_FILE = CaramelTests/Info.plist;
				LD_RUNPATH_SEARCH_PATHS = "$(inherited) @executable_path/../Frameworks @loader_path/../Frameworks";
				PRODUCT_BUNDLE_IDENTIFIER = org.caramelforswift.CaramelTests;
				PRODUCT_NAME = "$(TARGET_NAME)";
				TEST_HOST = "$(BUILT_PRODUCTS_DIR)/TestServer.app/Contents/MacOS/TestServer";
			};
			name = Release;
		};
		1E1607C91B2B4CDD00A602E5 /* Debug */ = {
			isa = XCBuildConfiguration;
			buildSettings = {
				ALWAYS_SEARCH_USER_PATHS = NO;
				CLANG_CXX_LANGUAGE_STANDARD = "gnu++0x";
				CLANG_CXX_LIBRARY = "libc++";
				CLANG_ENABLE_MODULES = YES;
				CLANG_ENABLE_OBJC_ARC = YES;
				CLANG_WARN_BOOL_CONVERSION = YES;
				CLANG_WARN_CONSTANT_CONVERSION = YES;
				CLANG_WARN_DIRECT_OBJC_ISA_USAGE = YES_ERROR;
				CLANG_WARN_EMPTY_BODY = YES;
				CLANG_WARN_ENUM_CONVERSION = YES;
				CLANG_WARN_INT_CONVERSION = YES;
				CLANG_WARN_OBJC_ROOT_CLASS = YES_ERROR;
				CLANG_WARN_UNREACHABLE_CODE = YES;
				CLANG_WARN__DUPLICATE_METHOD_MATCH = YES;
				COPY_PHASE_STRIP = NO;
				DEBUG_INFORMATION_FORMAT = dwarf;
				ENABLE_STRICT_OBJC_MSGSEND = YES;
				ENABLE_TESTABILITY = YES;
				GCC_C_LANGUAGE_STANDARD = gnu99;
				GCC_DYNAMIC_NO_PIC = NO;
				GCC_NO_COMMON_BLOCKS = YES;
				GCC_OPTIMIZATION_LEVEL = 0;
				GCC_PREPROCESSOR_DEFINITIONS = (
					"DEBUG=1",
					"$(inherited)",
				);
				GCC_WARN_64_TO_32_BIT_CONVERSION = YES;
				GCC_WARN_ABOUT_RETURN_TYPE = YES_ERROR;
				GCC_WARN_UNDECLARED_SELECTOR = YES;
				GCC_WARN_UNINITIALIZED_AUTOS = YES_AGGRESSIVE;
				GCC_WARN_UNUSED_FUNCTION = YES;
				GCC_WARN_UNUSED_VARIABLE = YES;
				MACOSX_DEPLOYMENT_TARGET = 10.10;
				MTL_ENABLE_DEBUG_INFO = YES;
				ONLY_ACTIVE_ARCH = YES;
				SDKROOT = macosx;
				SWIFT_OPTIMIZATION_LEVEL = "-Onone";
			};
			name = Debug;
		};
		1E1607CA1B2B4CDD00A602E5 /* Release */ = {
			isa = XCBuildConfiguration;
			buildSettings = {
				ALWAYS_SEARCH_USER_PATHS = NO;
				CLANG_CXX_LANGUAGE_STANDARD = "gnu++0x";
				CLANG_CXX_LIBRARY = "libc++";
				CLANG_ENABLE_MODULES = YES;
				CLANG_ENABLE_OBJC_ARC = YES;
				CLANG_WARN_BOOL_CONVERSION = YES;
				CLANG_WARN_CONSTANT_CONVERSION = YES;
				CLANG_WARN_DIRECT_OBJC_ISA_USAGE = YES_ERROR;
				CLANG_WARN_EMPTY_BODY = YES;
				CLANG_WARN_ENUM_CONVERSION = YES;
				CLANG_WARN_INT_CONVERSION = YES;
				CLANG_WARN_OBJC_ROOT_CLASS = YES_ERROR;
				CLANG_WARN_UNREACHABLE_CODE = YES;
				CLANG_WARN__DUPLICATE_METHOD_MATCH = YES;
				COPY_PHASE_STRIP = NO;
				DEBUG_INFORMATION_FORMAT = "dwarf-with-dsym";
				ENABLE_NS_ASSERTIONS = NO;
				ENABLE_STRICT_OBJC_MSGSEND = YES;
				GCC_C_LANGUAGE_STANDARD = gnu99;
				GCC_NO_COMMON_BLOCKS = YES;
				GCC_WARN_64_TO_32_BIT_CONVERSION = YES;
				GCC_WARN_ABOUT_RETURN_TYPE = YES_ERROR;
				GCC_WARN_UNDECLARED_SELECTOR = YES;
				GCC_WARN_UNINITIALIZED_AUTOS = YES_AGGRESSIVE;
				GCC_WARN_UNUSED_FUNCTION = YES;
				GCC_WARN_UNUSED_VARIABLE = YES;
				MACOSX_DEPLOYMENT_TARGET = 10.10;
				MTL_ENABLE_DEBUG_INFO = NO;
				SDKROOT = macosx;
			};
			name = Release;
		};
		1EFC5A401B2BA82300CC11E4 /* Debug */ = {
			isa = XCBuildConfiguration;
			buildSettings = {
				ASSETCATALOG_COMPILER_APPICON_NAME = AppIcon;
				CODE_SIGN_IDENTITY = "-";
				COMBINE_HIDPI_IMAGES = YES;
				EMBEDDED_CONTENT_CONTAINS_SWIFT = YES;
				INFOPLIST_FILE = TestServer/Info.plist;
				LD_RUNPATH_SEARCH_PATHS = "$(inherited) @executable_path/../Frameworks";
				PRODUCT_BUNDLE_IDENTIFIER = co.lunarguard.TestServer;
				PRODUCT_NAME = "$(TARGET_NAME)";
			};
			name = Debug;
		};
		1EFC5A411B2BA82300CC11E4 /* Release */ = {
			isa = XCBuildConfiguration;
			buildSettings = {
				ASSETCATALOG_COMPILER_APPICON_NAME = AppIcon;
				CODE_SIGN_IDENTITY = "-";
				COMBINE_HIDPI_IMAGES = YES;
				EMBEDDED_CONTENT_CONTAINS_SWIFT = YES;
				INFOPLIST_FILE = TestServer/Info.plist;
				LD_RUNPATH_SEARCH_PATHS = "$(inherited) @executable_path/../Frameworks";
				PRODUCT_BUNDLE_IDENTIFIER = co.lunarguard.TestServer;
				PRODUCT_NAME = "$(TARGET_NAME)";
			};
			name = Release;
		};
		1EFC5A601B2BA87000CC11E4 /* Debug */ = {
			isa = XCBuildConfiguration;
			buildSettings = {
				CLANG_ALLOW_NON_MODULAR_INCLUDES_IN_FRAMEWORK_MODULES = YES;
				CLANG_LINK_OBJC_RUNTIME = NO;
				CODE_SIGN_IDENTITY = "-";
				COMBINE_HIDPI_IMAGES = YES;
				CURRENT_PROJECT_VERSION = 1;
				DEFINES_MODULE = YES;
				DYLIB_COMPATIBILITY_VERSION = 1;
				DYLIB_CURRENT_VERSION = 1;
				DYLIB_INSTALL_NAME_BASE = "@rpath";
				FRAMEWORK_VERSION = A;
				INFOPLIST_FILE = Caramel/Info.plist;
				INSTALL_PATH = "$(LOCAL_LIBRARY_DIR)/Frameworks";
				LD_RUNPATH_SEARCH_PATHS = "$(inherited) @executable_path/../Frameworks @loader_path/Frameworks";
				LIBRARY_SEARCH_PATHS = "${SRCROOT}/../External/libuv/.libs";
				OTHER_SWIFT_FLAGS = "-D USE_LIBDISPATCH";
				PRODUCT_BUNDLE_IDENTIFIER = org.caramelforswift.Caramel;
				PRODUCT_NAME = "$(TARGET_NAME)";
				SKIP_INSTALL = YES;
				SWIFT_OBJC_BRIDGING_HEADER = "$(SRCROOT)/../Module/Bridging-Header.h";
				SWIFT_OPTIMIZATION_LEVEL = "-Onone";
				VERSIONING_SYSTEM = "apple-generic";
				VERSION_INFO_PREFIX = "";
			};
			name = Debug;
		};
		1EFC5A611B2BA87000CC11E4 /* Release */ = {
			isa = XCBuildConfiguration;
			buildSettings = {
				CLANG_ALLOW_NON_MODULAR_INCLUDES_IN_FRAMEWORK_MODULES = YES;
				CLANG_LINK_OBJC_RUNTIME = NO;
				CODE_SIGN_IDENTITY = "-";
				COMBINE_HIDPI_IMAGES = YES;
				CURRENT_PROJECT_VERSION = 1;
				DEFINES_MODULE = YES;
				DYLIB_COMPATIBILITY_VERSION = 1;
				DYLIB_CURRENT_VERSION = 1;
				DYLIB_INSTALL_NAME_BASE = "@rpath";
				FRAMEWORK_VERSION = A;
				INFOPLIST_FILE = Caramel/Info.plist;
				INSTALL_PATH = "$(LOCAL_LIBRARY_DIR)/Frameworks";
				LD_RUNPATH_SEARCH_PATHS = "$(inherited) @executable_path/../Frameworks @loader_path/Frameworks";
				LIBRARY_SEARCH_PATHS = "${SRCROOT}/../External/libuv/.libs";
				OTHER_SWIFT_FLAGS = "-D USE_LIBDISPATCH";
				PRODUCT_BUNDLE_IDENTIFIER = org.caramelforswift.Caramel;
				PRODUCT_NAME = "$(TARGET_NAME)";
				SKIP_INSTALL = YES;
				SWIFT_OBJC_BRIDGING_HEADER = "$(SRCROOT)/../Module/Bridging-Header.h";
				VERSIONING_SYSTEM = "apple-generic";
				VERSION_INFO_PREFIX = "";
			};
			name = Release;
		};
/* End XCBuildConfiguration section */

/* Begin XCConfigurationList section */
		1E0281201B6C69AD00B2C650 /* Build configuration list for PBXNativeTarget "CaramelTests" */ = {
			isa = XCConfigurationList;
			buildConfigurations = (
				1E02811E1B6C69AD00B2C650 /* Debug */,
				1E02811F1B6C69AD00B2C650 /* Release */,
			);
			defaultConfigurationIsVisible = 0;
			defaultConfigurationName = Release;
		};
		1E1607BF1B2B4CDD00A602E5 /* Build configuration list for PBXProject "Caramel" */ = {
			isa = XCConfigurationList;
			buildConfigurations = (
				1E1607C91B2B4CDD00A602E5 /* Debug */,
				1E1607CA1B2B4CDD00A602E5 /* Release */,
			);
			defaultConfigurationIsVisible = 0;
			defaultConfigurationName = Release;
		};
		1EFC5A3F1B2BA82300CC11E4 /* Build configuration list for PBXNativeTarget "TestServer" */ = {
			isa = XCConfigurationList;
			buildConfigurations = (
				1EFC5A401B2BA82300CC11E4 /* Debug */,
				1EFC5A411B2BA82300CC11E4 /* Release */,
			);
			defaultConfigurationIsVisible = 0;
			defaultConfigurationName = Release;
		};
		1EFC5A5F1B2BA87000CC11E4 /* Build configuration list for PBXNativeTarget "Caramel" */ = {
			isa = XCConfigurationList;
			buildConfigurations = (
				1EFC5A601B2BA87000CC11E4 /* Debug */,
				1EFC5A611B2BA87000CC11E4 /* Release */,
			);
			defaultConfigurationIsVisible = 0;
			defaultConfigurationName = Release;
		};
/* End XCConfigurationList section */
	};
	rootObject = 1E1607BC1B2B4CDD00A602E5 /* Project object */;
}
